
Microsoft Visual Studio Solution File, Format Version 12.00
# Visual Studio Version 17
VisualStudioVersion = 17.0.31903.59
MinimumVisualStudioVersion = 10.0.40219.1
Project("{2150E333-8FDC-42A3-9474-1A3956D46DE8}") = "Post.Cmd", "Post.Cmd", "{6DA27DDB-0CED-4F30-9403-C84A4FFF60DC}"
EndProject
Project("{FAE04EC0-301F-11D3-BF4B-00C04F79EFBC}") = "Post.Cmd.Api", "Post.Cmd\Post.Cmd.Api\Post.Cmd.Api.csproj", "{AC2E0B67-70B7-44B2-ACED-95A802F333E1}"
EndProject
Project("{2150E333-8FDC-42A3-9474-1A3956D46DE8}") = "Post.Query", "Post.Query", "{22977697-DB1E-4DC6-9E97-DA560433EC67}"
EndProject
Project("{FAE04EC0-301F-11D3-BF4B-00C04F79EFBC}") = "Post.Query.Api", "Post.Query\Post.Query.Api\Post.Query.Api.csproj", "{A4592F0F-D5CB-4B2C-8808-3E78377E6862}"
EndProject
Project("{FAE04EC0-301F-11D3-BF4B-00C04F79EFBC}") = "Post.Query.Infrastructure", "Post.Query\Post.Query.Infrastructure\Post.Query.Infrastructure.csproj", "{31CD79DA-0B66-4464-B20F-BD350B4CBFA5}"
EndProject
Project("{FAE04EC0-301F-11D3-BF4B-00C04F79EFBC}") = "Post.Common", "Post.Common\Post.Common.csproj", "{FA21F48B-B89B-475E-B2A5-592685E6F20C}"
EndProject
Project("{FAE04EC0-301F-11D3-BF4B-00C04F79EFBC}") = "Post.Cmd.Domain", "Post.Cmd\Post.Cmd.Domain\Post.Cmd.Domain.csproj", "{D5B52BCF-4FB1-439C-BA5B-9A27978458D9}"
EndProject
Project("{FAE04EC0-301F-11D3-BF4B-00C04F79EFBC}") = "Post.Cmd.Infrastructure", "Post.Cmd\Post.Cmd.Infrastructure\Post.Cmd.Infrastructure.csproj", "{E84AFF1F-533C-4B53-8529-CF7FA5195B03}"
EndProject
Project("{FAE04EC0-301F-11D3-BF4B-00C04F79EFBC}") = "Post.Query.Domain", "Post.Query\Post.Query.Domain\Post.Query.Domain.csproj", "{1C6CCCC9-6140-4A99-8063-2673925186C6}"
EndProject
Project("{FAE04EC0-301F-11D3-BF4B-00C04F79EFBC}") = "CQRS.Core", "..\CQRS-ES\CQRS.Core\CQRS.Core.csproj", "{C1D6F995-7817-428B-B90B-C5F3F190BC80}"
EndProject
Global
	GlobalSection(SolutionConfigurationPlatforms) = preSolution
		Debug|Any CPU = Debug|Any CPU
		Release|Any CPU = Release|Any CPU
	EndGlobalSection
	GlobalSection(SolutionProperties) = preSolution
		HideSolutionNode = FALSE
	EndGlobalSection
	GlobalSection(ProjectConfigurationPlatforms) = postSolution
		{AC2E0B67-70B7-44B2-ACED-95A802F333E1}.Debug|Any CPU.ActiveCfg = Debug|Any CPU
		{AC2E0B67-70B7-44B2-ACED-95A802F333E1}.Debug|Any CPU.Build.0 = Debug|Any CPU
		{AC2E0B67-70B7-44B2-ACED-95A802F333E1}.Release|Any CPU.ActiveCfg = Release|Any CPU
		{AC2E0B67-70B7-44B2-ACED-95A802F333E1}.Release|Any CPU.Build.0 = Release|Any CPU
		{A4592F0F-D5CB-4B2C-8808-3E78377E6862}.Debug|Any CPU.ActiveCfg = Debug|Any CPU
		{A4592F0F-D5CB-4B2C-8808-3E78377E6862}.Debug|Any CPU.Build.0 = Debug|Any CPU
		{A4592F0F-D5CB-4B2C-8808-3E78377E6862}.Release|Any CPU.ActiveCfg = Release|Any CPU
		{A4592F0F-D5CB-4B2C-8808-3E78377E6862}.Release|Any CPU.Build.0 = Release|Any CPU
		{31CD79DA-0B66-4464-B20F-BD350B4CBFA5}.Debug|Any CPU.ActiveCfg = Debug|Any CPU
		{31CD79DA-0B66-4464-B20F-BD350B4CBFA5}.Debug|Any CPU.Build.0 = Debug|Any CPU
		{31CD79DA-0B66-4464-B20F-BD350B4CBFA5}.Release|Any CPU.ActiveCfg = Release|Any CPU
		{31CD79DA-0B66-4464-B20F-BD350B4CBFA5}.Release|Any CPU.Build.0 = Release|Any CPU
		{FA21F48B-B89B-475E-B2A5-592685E6F20C}.Debug|Any CPU.ActiveCfg = Debug|Any CPU
		{FA21F48B-B89B-475E-B2A5-592685E6F20C}.Debug|Any CPU.Build.0 = Debug|Any CPU
		{FA21F48B-B89B-475E-B2A5-592685E6F20C}.Release|Any CPU.ActiveCfg = Release|Any CPU
		{FA21F48B-B89B-475E-B2A5-592685E6F20C}.Release|Any CPU.Build.0 = Release|Any CPU
		{D5B52BCF-4FB1-439C-BA5B-9A27978458D9}.Debug|Any CPU.ActiveCfg = Debug|Any CPU
		{D5B52BCF-4FB1-439C-BA5B-9A27978458D9}.Debug|Any CPU.Build.0 = Debug|Any CPU
		{D5B52BCF-4FB1-439C-BA5B-9A27978458D9}.Release|Any CPU.ActiveCfg = Release|Any CPU
		{D5B52BCF-4FB1-439C-BA5B-9A27978458D9}.Release|Any CPU.Build.0 = Release|Any CPU
		{E84AFF1F-533C-4B53-8529-CF7FA5195B03}.Debug|Any CPU.ActiveCfg = Debug|Any CPU
		{E84AFF1F-533C-4B53-8529-CF7FA5195B03}.Debug|Any CPU.Build.0 = Debug|Any CPU
		{E84AFF1F-533C-4B53-8529-CF7FA5195B03}.Release|Any CPU.ActiveCfg = Release|Any CPU
		{E84AFF1F-533C-4B53-8529-CF7FA5195B03}.Release|Any CPU.Build.0 = Release|Any CPU
		{1C6CCCC9-6140-4A99-8063-2673925186C6}.Debug|Any CPU.ActiveCfg = Debug|Any CPU
		{1C6CCCC9-6140-4A99-8063-2673925186C6}.Debug|Any CPU.Build.0 = Debug|Any CPU
		{1C6CCCC9-6140-4A99-8063-2673925186C6}.Release|Any CPU.ActiveCfg = Release|Any CPU
		{1C6CCCC9-6140-4A99-8063-2673925186C6}.Release|Any CPU.Build.0 = Release|Any CPU
		{C1D6F995-7817-428B-B90B-C5F3F190BC80}.Debug|Any CPU.ActiveCfg = Debug|Any CPU
		{C1D6F995-7817-428B-B90B-C5F3F190BC80}.Debug|Any CPU.Build.0 = Debug|Any CPU
		{C1D6F995-7817-428B-B90B-C5F3F190BC80}.Release|Any CPU.ActiveCfg = Release|Any CPU
		{C1D6F995-7817-428B-B90B-C5F3F190BC80}.Release|Any CPU.Build.0 = Release|Any CPU
	EndGlobalSection
	GlobalSection(NestedProjects) = preSolution
		{AC2E0B67-70B7-44B2-ACED-95A802F333E1} = {6DA27DDB-0CED-4F30-9403-C84A4FFF60DC}
		{A4592F0F-D5CB-4B2C-8808-3E78377E6862} = {22977697-DB1E-4DC6-9E97-DA560433EC67}
		{31CD79DA-0B66-4464-B20F-BD350B4CBFA5} = {22977697-DB1E-4DC6-9E97-DA560433EC67}
		{D5B52BCF-4FB1-439C-BA5B-9A27978458D9} = {6DA27DDB-0CED-4F30-9403-C84A4FFF60DC}
		{E84AFF1F-533C-4B53-8529-CF7FA5195B03} = {6DA27DDB-0CED-4F30-9403-C84A4FFF60DC}
		{1C6CCCC9-6140-4A99-8063-2673925186C6} = {22977697-DB1E-4DC6-9E97-DA560433EC67}
	EndGlobalSection
EndGlobal
